// !$*UTF8*$!
{
	archiveVersion = 1;
	classes = {
	};
	objectVersion = 50;
	objects = {

/* Begin PBXBuildFile section */
		1C1449692586D33C00FAFB6E /* LifeSpendingView.swift in Sources */ = {isa = PBXBuildFile; fileRef = 1C1449682586D33C00FAFB6E /* LifeSpendingView.swift */; };
		1C14496D2586D35800FAFB6E /* SavingsView.swift in Sources */ = {isa = PBXBuildFile; fileRef = 1C14496C2586D35800FAFB6E /* SavingsView.swift */; };
		1C3050DA25831972001BDC0F /* Charts.framework in Frameworks */ = {isa = PBXBuildFile; fileRef = 1C3050D325831937001BDC0F /* Charts.framework */; };
		1C3050DB25831972001BDC0F /* Charts.framework in Embed Frameworks */ = {isa = PBXBuildFile; fileRef = 1C3050D325831937001BDC0F /* Charts.framework */; settings = {ATTRIBUTES = (CodeSignOnCopy, RemoveHeadersOnCopy, ); }; };
		1C3050E4258320FC001BDC0F /* HomePieChart.swift in Sources */ = {isa = PBXBuildFile; fileRef = 1C3050E3258320FC001BDC0F /* HomePieChart.swift */; };
		1C3050E625833533001BDC0F /* TestData.swift in Sources */ = {isa = PBXBuildFile; fileRef = 1C3050E525833533001BDC0F /* TestData.swift */; };
		1C3050E825835270001BDC0F /* ChartView.swift in Sources */ = {isa = PBXBuildFile; fileRef = 1C3050E725835270001BDC0F /* ChartView.swift */; };
		1CBA4D3E256C4E3A00DCF0FE /* Happy_WalletApp.swift in Sources */ = {isa = PBXBuildFile; fileRef = 1CBA4D3D256C4E3A00DCF0FE /* Happy_WalletApp.swift */; };
		1CBA4D40256C4E3A00DCF0FE /* ContentView.swift in Sources */ = {isa = PBXBuildFile; fileRef = 1CBA4D3F256C4E3A00DCF0FE /* ContentView.swift */; };
		1CBA4D42256C4E3F00DCF0FE /* Assets.xcassets in Resources */ = {isa = PBXBuildFile; fileRef = 1CBA4D41256C4E3F00DCF0FE /* Assets.xcassets */; };
		1CBA4D45256C4E3F00DCF0FE /* Preview Assets.xcassets in Resources */ = {isa = PBXBuildFile; fileRef = 1CBA4D44256C4E3F00DCF0FE /* Preview Assets.xcassets */; };
		1CBA4D4A256C4E3F00DCF0FE /* Happy_Wallet.xcdatamodeld in Sources */ = {isa = PBXBuildFile; fileRef = 1CBA4D48256C4E3F00DCF0FE /* Happy_Wallet.xcdatamodeld */; };
		1CBA4D55256C4F5E00DCF0FE /* AddPuchase.swift in Sources */ = {isa = PBXBuildFile; fileRef = 1CBA4D54256C4F5E00DCF0FE /* AddPuchase.swift */; };
		1CFF26C925843A00001A8C1B /* Persistence.swift in Sources */ = {isa = PBXBuildFile; fileRef = 1CFF26C825843A00001A8C1B /* Persistence.swift */; };
/* End PBXBuildFile section */

/* Begin PBXContainerItemProxy section */
		1C3050D225831937001BDC0F /* PBXContainerItemProxy */ = {
			isa = PBXContainerItemProxy;
			containerPortal = 1C3050CD25831937001BDC0F /* Charts.xcodeproj */;
			proxyType = 2;
			remoteGlobalIDString = 65AD9E95D9ED4DC0BD73A743;
			remoteInfo = Charts;
		};
		1C3050D425831937001BDC0F /* PBXContainerItemProxy */ = {
			isa = PBXContainerItemProxy;
			containerPortal = 1C3050CD25831937001BDC0F /* Charts.xcodeproj */;
			proxyType = 2;
			remoteGlobalIDString = 1CBBC58C6CE1EBEE9852CE41;
			remoteInfo = ChartsTests;
		};
/* End PBXContainerItemProxy section */

/* Begin PBXCopyFilesBuildPhase section */
		1C3050DC25831972001BDC0F /* Embed Frameworks */ = {
			isa = PBXCopyFilesBuildPhase;
			buildActionMask = 2147483647;
			dstPath = "";
			dstSubfolderSpec = 10;
			files = (
				1C3050DB25831972001BDC0F /* Charts.framework in Embed Frameworks */,
			);
			name = "Embed Frameworks";
			runOnlyForDeploymentPostprocessing = 0;
		};
/* End PBXCopyFilesBuildPhase section */

/* Begin PBXFileReference section */
		1C1449682586D33C00FAFB6E /* LifeSpendingView.swift */ = {isa = PBXFileReference; lastKnownFileType = sourcecode.swift; path = LifeSpendingView.swift; sourceTree = "<group>"; };
		1C14496C2586D35800FAFB6E /* SavingsView.swift */ = {isa = PBXFileReference; lastKnownFileType = sourcecode.swift; path = SavingsView.swift; sourceTree = "<group>"; };
		1C3050CD25831937001BDC0F /* Charts.xcodeproj */ = {isa = PBXFileReference; lastKnownFileType = "wrapper.pb-project"; name = Charts.xcodeproj; path = "../../../Downloads/Charts-master/Charts.xcodeproj"; sourceTree = "<group>"; };
		1C3050E3258320FC001BDC0F /* HomePieChart.swift */ = {isa = PBXFileReference; lastKnownFileType = sourcecode.swift; path = HomePieChart.swift; sourceTree = "<group>"; };
		1C3050E525833533001BDC0F /* TestData.swift */ = {isa = PBXFileReference; lastKnownFileType = sourcecode.swift; path = TestData.swift; sourceTree = "<group>"; };
		1C3050E725835270001BDC0F /* ChartView.swift */ = {isa = PBXFileReference; lastKnownFileType = sourcecode.swift; path = ChartView.swift; sourceTree = "<group>"; tabWidth = 4; usesTabs = 0; };
		1CBA4D3A256C4E3A00DCF0FE /* Happy Wallet.app */ = {isa = PBXFileReference; explicitFileType = wrapper.application; includeInIndex = 0; path = "Happy Wallet.app"; sourceTree = BUILT_PRODUCTS_DIR; };
		1CBA4D3D256C4E3A00DCF0FE /* Happy_WalletApp.swift */ = {isa = PBXFileReference; lastKnownFileType = sourcecode.swift; path = Happy_WalletApp.swift; sourceTree = "<group>"; };
		1CBA4D3F256C4E3A00DCF0FE /* ContentView.swift */ = {isa = PBXFileReference; lastKnownFileType = sourcecode.swift; path = ContentView.swift; sourceTree = "<group>"; };
		1CBA4D41256C4E3F00DCF0FE /* Assets.xcassets */ = {isa = PBXFileReference; lastKnownFileType = folder.assetcatalog; path = Assets.xcassets; sourceTree = "<group>"; };
		1CBA4D44256C4E3F00DCF0FE /* Preview Assets.xcassets */ = {isa = PBXFileReference; lastKnownFileType = folder.assetcatalog; path = "Preview Assets.xcassets"; sourceTree = "<group>"; };
		1CBA4D49256C4E3F00DCF0FE /* Happy_Wallet.xcdatamodel */ = {isa = PBXFileReference; lastKnownFileType = wrapper.xcdatamodel; path = Happy_Wallet.xcdatamodel; sourceTree = "<group>"; };
		1CBA4D4B256C4E3F00DCF0FE /* Info.plist */ = {isa = PBXFileReference; lastKnownFileType = text.plist.xml; path = Info.plist; sourceTree = "<group>"; };
		1CBA4D54256C4F5E00DCF0FE /* AddPuchase.swift */ = {isa = PBXFileReference; lastKnownFileType = sourcecode.swift; path = AddPuchase.swift; sourceTree = "<group>"; };
		1CFF26C825843A00001A8C1B /* Persistence.swift */ = {isa = PBXFileReference; lastKnownFileType = sourcecode.swift; path = Persistence.swift; sourceTree = "<group>"; };
/* End PBXFileReference section */

/* Begin PBXFrameworksBuildPhase section */
		1CBA4D37256C4E3A00DCF0FE /* Frameworks */ = {
			isa = PBXFrameworksBuildPhase;
			buildActionMask = 2147483647;
			files = (
				1C3050DA25831972001BDC0F /* Charts.framework in Frameworks */,
			);
			runOnlyForDeploymentPostprocessing = 0;
		};
/* End PBXFrameworksBuildPhase section */

/* Begin PBXGroup section */
		1C3050CE25831937001BDC0F /* Products */ = {
			isa = PBXGroup;
			children = (
				1C3050D325831937001BDC0F /* Charts.framework */,
				1C3050D525831937001BDC0F /* ChartsTests.xctest */,
			);
			name = Products;
			sourceTree = "<group>";
		};
		1C3050D925831972001BDC0F /* Frameworks */ = {
			isa = PBXGroup;
			children = (
			);
			name = Frameworks;
			sourceTree = "<group>";
		};
		1CBA4D31256C4E3A00DCF0FE = {
			isa = PBXGroup;
			children = (
				1CBA4D3C256C4E3A00DCF0FE /* Happy Wallet */,
				1C3050D925831972001BDC0F /* Frameworks */,
			);
			sourceTree = "<group>";
		};
		1CBA4D3B256C4E3A00DCF0FE /* Products */ = {
			isa = PBXGroup;
			children = (
				1CBA4D3A256C4E3A00DCF0FE /* Happy Wallet.app */,
			);
			name = Products;
			path = ..;
			sourceTree = "<group>";
		};
		1CBA4D3C256C4E3A00DCF0FE /* Happy Wallet */ = {
			isa = PBXGroup;
			children = (
				1CBA4D3D256C4E3A00DCF0FE /* Happy_WalletApp.swift */,
				1C3050E3258320FC001BDC0F /* HomePieChart.swift */,
				1C3050E525833533001BDC0F /* TestData.swift */,
				1CFF26C825843A00001A8C1B /* Persistence.swift */,
				1CBA4D3B256C4E3A00DCF0FE /* Products */,
				1CBA4D52256C4F3900DCF0FE /* View */,
				1CBA4D41256C4E3F00DCF0FE /* Assets.xcassets */,
				1C3050CD25831937001BDC0F /* Charts.xcodeproj */,
				1CBA4D4B256C4E3F00DCF0FE /* Info.plist */,
				1CBA4D48256C4E3F00DCF0FE /* Happy_Wallet.xcdatamodeld */,
				1CBA4D43256C4E3F00DCF0FE /* Preview Content */,
			);
			path = "Happy Wallet";
			sourceTree = "<group>";
		};
		1CBA4D43256C4E3F00DCF0FE /* Preview Content */ = {
			isa = PBXGroup;
			children = (
				1CBA4D44256C4E3F00DCF0FE /* Preview Assets.xcassets */,
			);
			path = "Preview Content";
			sourceTree = "<group>";
		};
		1CBA4D52256C4F3900DCF0FE /* View */ = {
			isa = PBXGroup;
			children = (
				1CBA4D54256C4F5E00DCF0FE /* AddPuchase.swift */,
				1CBA4D3F256C4E3A00DCF0FE /* ContentView.swift */,
				1C1449682586D33C00FAFB6E /* LifeSpendingView.swift */,
				1C14496C2586D35800FAFB6E /* SavingsView.swift */,
				1C3050E725835270001BDC0F /* ChartView.swift */,
			);
			path = View;
			sourceTree = "<group>";
		};
/* End PBXGroup section */

/* Begin PBXNativeTarget section */
		1CBA4D39256C4E3A00DCF0FE /* Happy Wallet */ = {
			isa = PBXNativeTarget;
			buildConfigurationList = 1CBA4D4E256C4E3F00DCF0FE /* Build configuration list for PBXNativeTarget "Happy Wallet" */;
			buildPhases = (
				1CBA4D36256C4E3A00DCF0FE /* Sources */,
				1CBA4D37256C4E3A00DCF0FE /* Frameworks */,
				1CBA4D38256C4E3A00DCF0FE /* Resources */,
				1C3050DC25831972001BDC0F /* Embed Frameworks */,
			);
			buildRules = (
			);
			dependencies = (
			);
			name = "Happy Wallet";
			productName = "Happy Wallet";
			productReference = 1CBA4D3A256C4E3A00DCF0FE /* Happy Wallet.app */;
			productType = "com.apple.product-type.application";
		};
/* End PBXNativeTarget section */

/* Begin PBXProject section */
		1CBA4D32256C4E3A00DCF0FE /* Project object */ = {
			isa = PBXProject;
			attributes = {
				LastSwiftUpdateCheck = 1200;
				LastUpgradeCheck = 1200;
				TargetAttributes = {
					1CBA4D39256C4E3A00DCF0FE = {
						CreatedOnToolsVersion = 12.0.1;
					};
				};
			};
			buildConfigurationList = 1CBA4D35256C4E3A00DCF0FE /* Build configuration list for PBXProject "Happy Wallet" */;
			compatibilityVersion = "Xcode 9.3";
			developmentRegion = en;
			hasScannedForEncodings = 0;
			knownRegions = (
				en,
				Base,
			);
			mainGroup = 1CBA4D31256C4E3A00DCF0FE;
			productRefGroup = 1CBA4D3B256C4E3A00DCF0FE /* Products */;
			projectDirPath = "";
			projectReferences = (
				{
					ProductGroup = 1C3050CE25831937001BDC0F /* Products */;
					ProjectRef = 1C3050CD25831937001BDC0F /* Charts.xcodeproj */;
				},
			);
			projectRoot = "";
			targets = (
				1CBA4D39256C4E3A00DCF0FE /* Happy Wallet */,
			);
		};
/* End PBXProject section */

/* Begin PBXReferenceProxy section */
		1C3050D325831937001BDC0F /* Charts.framework */ = {
			isa = PBXReferenceProxy;
			fileType = wrapper.framework;
			path = Charts.framework;
			remoteRef = 1C3050D225831937001BDC0F /* PBXContainerItemProxy */;
			sourceTree = BUILT_PRODUCTS_DIR;
		};
		1C3050D525831937001BDC0F /* ChartsTests.xctest */ = {
			isa = PBXReferenceProxy;
			fileType = wrapper.cfbundle;
			path = ChartsTests.xctest;
			remoteRef = 1C3050D425831937001BDC0F /* PBXContainerItemProxy */;
			sourceTree = BUILT_PRODUCTS_DIR;
		};
/* End PBXReferenceProxy section */

/* Begin PBXResourcesBuildPhase section */
		1CBA4D38256C4E3A00DCF0FE /* Resources */ = {
			isa = PBXResourcesBuildPhase;
			buildActionMask = 2147483647;
			files = (
				1CBA4D45256C4E3F00DCF0FE /* Preview Assets.xcassets in Resources */,
				1CBA4D42256C4E3F00DCF0FE /* Assets.xcassets in Resources */,
			);
			runOnlyForDeploymentPostprocessing = 0;
		};
/* End PBXResourcesBuildPhase section */

/* Begin PBXSourcesBuildPhase section */
		1CBA4D36256C4E3A00DCF0FE /* Sources */ = {
			isa = PBXSourcesBuildPhase;
			buildActionMask = 2147483647;
			files = (
				1CBA4D40256C4E3A00DCF0FE /* ContentView.swift in Sources */,
				1CBA4D3E256C4E3A00DCF0FE /* Happy_WalletApp.swift in Sources */,
				1CBA4D4A256C4E3F00DCF0FE /* Happy_Wallet.xcdatamodeld in Sources */,
				1C3050E4258320FC001BDC0F /* HomePieChart.swift in Sources */,
				1C14496D2586D35800FAFB6E /* SavingsView.swift in Sources */,
				1C3050E625833533001BDC0F /* TestData.swift in Sources */,
				1C1449692586D33C00FAFB6E /* LifeSpendingView.swift in Sources */,
				1CBA4D55256C4F5E00DCF0FE /* AddPuchase.swift in Sources */,
				1C3050E825835270001BDC0F /* ChartView.swift in Sources */,
				1CFF26C925843A00001A8C1B /* Persistence.swift in Sources */,
			);
			runOnlyForDeploymentPostprocessing = 0;
		};
/* End PBXSourcesBuildPhase section */

/* Begin XCBuildConfiguration section */
		1CBA4D4C256C4E3F00DCF0FE /* Debug */ = {
			isa = XCBuildConfiguration;
			buildSettings = {
				ALWAYS_SEARCH_USER_PATHS = NO;
				CLANG_ANALYZER_NONNULL = YES;
				CLANG_ANALYZER_NUMBER_OBJECT_CONVERSION = YES_AGGRESSIVE;
				CLANG_CXX_LANGUAGE_STANDARD = "gnu++14";
				CLANG_CXX_LIBRARY = "libc++";
				CLANG_ENABLE_MODULES = YES;
				CLANG_ENABLE_OBJC_ARC = YES;
				CLANG_ENABLE_OBJC_WEAK = YES;
				CLANG_WARN_BLOCK_CAPTURE_AUTORELEASING = YES;
				CLANG_WARN_BOOL_CONVERSION = YES;
				CLANG_WARN_COMMA = YES;
				CLANG_WARN_CONSTANT_CONVERSION = YES;
				CLANG_WARN_DEPRECATED_OBJC_IMPLEMENTATIONS = YES;
				CLANG_WARN_DIRECT_OBJC_ISA_USAGE = YES_ERROR;
				CLANG_WARN_DOCUMENTATION_COMMENTS = YES;
				CLANG_WARN_EMPTY_BODY = YES;
				CLANG_WARN_ENUM_CONVERSION = YES;
				CLANG_WARN_INFINITE_RECURSION = YES;
				CLANG_WARN_INT_CONVERSION = YES;
				CLANG_WARN_NON_LITERAL_NULL_CONVERSION = YES;
				CLANG_WARN_OBJC_IMPLICIT_RETAIN_SELF = YES;
				CLANG_WARN_OBJC_LITERAL_CONVERSION = YES;
				CLANG_WARN_OBJC_ROOT_CLASS = YES_ERROR;
				CLANG_WARN_QUOTED_INCLUDE_IN_FRAMEWORK_HEADER = YES;
				CLANG_WARN_RANGE_LOOP_ANALYSIS = YES;
				CLANG_WARN_STRICT_PROTOTYPES = YES;
				CLANG_WARN_SUSPICIOUS_MOVE = YES;
				CLANG_WARN_UNGUARDED_AVAILABILITY = YES_AGGRESSIVE;
				CLANG_WARN_UNREACHABLE_CODE = YES;
				CLANG_WARN__DUPLICATE_METHOD_MATCH = YES;
				COPY_PHASE_STRIP = NO;
				DEBUG_INFORMATION_FORMAT = dwarf;
				ENABLE_STRICT_OBJC_MSGSEND = YES;
				ENABLE_TESTABILITY = YES;
				GCC_C_LANGUAGE_STANDARD = gnu11;
				GCC_DYNAMIC_NO_PIC = NO;
				GCC_NO_COMMON_BLOCKS = YES;
				GCC_OPTIMIZATION_LEVEL = 0;
				GCC_PREPROCESSOR_DEFINITIONS = (
					"DEBUG=1",
					"$(inherited)",
				);
				GCC_WARN_64_TO_32_BIT_CONVERSION = YES;
				GCC_WARN_ABOUT_RETURN_TYPE = YES_ERROR;
				GCC_WARN_UNDECLARED_SELECTOR = YES;
				GCC_WARN_UNINITIALIZED_AUTOS = YES_AGGRESSIVE;
				GCC_WARN_UNUSED_FUNCTION = YES;
				GCC_WARN_UNUSED_VARIABLE = YES;
				IPHONEOS_DEPLOYMENT_TARGET = 14.0;
				MTL_ENABLE_DEBUG_INFO = INCLUDE_SOURCE;
				MTL_FAST_MATH = YES;
				ONLY_ACTIVE_ARCH = YES;
				SDKROOT = iphoneos;
				SWIFT_ACTIVE_COMPILATION_CONDITIONS = DEBUG;
				SWIFT_OPTIMIZATION_LEVEL = "-Onone";
			};
			name = Debug;
		};
		1CBA4D4D256C4E3F00DCF0FE /* Release */ = {
			isa = XCBuildConfiguration;
			buildSettings = {
				ALWAYS_SEARCH_USER_PATHS = NO;
				CLANG_ANALYZER_NONNULL = YES;
				CLANG_ANALYZER_NUMBER_OBJECT_CONVERSION = YES_AGGRESSIVE;
				CLANG_CXX_LANGUAGE_STANDARD = "gnu++14";
				CLANG_CXX_LIBRARY = "libc++";
				CLANG_ENABLE_MODULES = YES;
				CLANG_ENABLE_OBJC_ARC = YES;
				CLANG_ENABLE_OBJC_WEAK = YES;
				CLANG_WARN_BLOCK_CAPTURE_AUTORELEASING = YES;
				CLANG_WARN_BOOL_CONVERSION = YES;
				CLANG_WARN_COMMA = YES;
				CLANG_WARN_CONSTANT_CONVERSION = YES;
				CLANG_WARN_DEPRECATED_OBJC_IMPLEMENTATIONS = YES;
				CLANG_WARN_DIRECT_OBJC_ISA_USAGE = YES_ERROR;
				CLANG_WARN_DOCUMENTATION_COMMENTS = YES;
				CLANG_WARN_EMPTY_BODY = YES;
				CLANG_WARN_ENUM_CONVERSION = YES;
				CLANG_WARN_INFINITE_RECURSION = YES;
				CLANG_WARN_INT_CONVERSION = YES;
				CLANG_WARN_NON_LITERAL_NULL_CONVERSION = YES;
				CLANG_WARN_OBJC_IMPLICIT_RETAIN_SELF = YES;
				CLANG_WARN_OBJC_LITERAL_CONVERSION = YES;
				CLANG_WARN_OBJC_ROOT_CLASS = YES_ERROR;
				CLANG_WARN_QUOTED_INCLUDE_IN_FRAMEWORK_HEADER = YES;
				CLANG_WARN_RANGE_LOOP_ANALYSIS = YES;
				CLANG_WARN_STRICT_PROTOTYPES = YES;
				CLANG_WARN_SUSPICIOUS_MOVE = YES;
				CLANG_WARN_UNGUARDED_AVAILABILITY = YES_AGGRESSIVE;
				CLANG_WARN_UNREACHABLE_CODE = YES;
				CLANG_WARN__DUPLICATE_METHOD_MATCH = YES;
				COPY_PHASE_STRIP = NO;
				DEBUG_INFORMATION_FORMAT = "dwarf-with-dsym";
				ENABLE_NS_ASSERTIONS = NO;
				ENABLE_STRICT_OBJC_MSGSEND = YES;
				GCC_C_LANGUAGE_STANDARD = gnu11;
				GCC_NO_COMMON_BLOCKS = YES;
				GCC_WARN_64_TO_32_BIT_CONVERSION = YES;
				GCC_WARN_ABOUT_RETURN_TYPE = YES_ERROR;
				GCC_WARN_UNDECLARED_SELECTOR = YES;
				GCC_WARN_UNINITIALIZED_AUTOS = YES_AGGRESSIVE;
				GCC_WARN_UNUSED_FUNCTION = YES;
				GCC_WARN_UNUSED_VARIABLE = YES;
				IPHONEOS_DEPLOYMENT_TARGET = 14.0;
				MTL_ENABLE_DEBUG_INFO = NO;
				MTL_FAST_MATH = YES;
				SDKROOT = iphoneos;
				SWIFT_COMPILATION_MODE = wholemodule;
				SWIFT_OPTIMIZATION_LEVEL = "-O";
				VALIDATE_PRODUCT = YES;
			};
			name = Release;
		};
		1CBA4D4F256C4E3F00DCF0FE /* Debug */ = {
			isa = XCBuildConfiguration;
			buildSettings = {
				ASSETCATALOG_COMPILER_APPICON_NAME = AppIcon;
				ASSETCATALOG_COMPILER_GLOBAL_ACCENT_COLOR_NAME = AccentColor;
				CODE_SIGN_STYLE = Automatic;
				DEVELOPMENT_ASSET_PATHS = "\"Happy Wallet/Preview Content\"";
				ENABLE_PREVIEWS = YES;
				INFOPLIST_FILE = "Happy Wallet/Info.plist";
				IPHONEOS_DEPLOYMENT_TARGET = 14.0;
				LD_RUNPATH_SEARCH_PATHS = (
					"$(inherited)",
					"@executable_path/Frameworks",
				);
				PRODUCT_BUNDLE_IDENTIFIER = "com.bradyc.Happy-Wallet";
				PRODUCT_NAME = "$(TARGET_NAME)";
				SWIFT_VERSION = 5.0;
				TARGETED_DEVICE_FAMILY = "1,2";
			};
			name = Debug;
		};
		1CBA4D50256C4E3F00DCF0FE /* Release */ = {
			isa = XCBuildConfiguration;
			buildSettings = {
				ASSETCATALOG_COMPILER_APPICON_NAME = AppIcon;
				ASSETCATALOG_COMPILER_GLOBAL_ACCENT_COLOR_NAME = AccentColor;
				CODE_SIGN_STYLE = Automatic;
				DEVELOPMENT_ASSET_PATHS = "\"Happy Wallet/Preview Content\"";
				ENABLE_PREVIEWS = YES;
				INFOPLIST_FILE = "Happy Wallet/Info.plist";
				IPHONEOS_DEPLOYMENT_TARGET = 14.0;
				LD_RUNPATH_SEARCH_PATHS = (
					"$(inherited)",
					"@executable_path/Frameworks",
				);
				PRODUCT_BUNDLE_IDENTIFIER = "com.bradyc.Happy-Wallet";
				PRODUCT_NAME = "$(TARGET_NAME)";
				SWIFT_VERSION = 5.0;
				TARGETED_DEVICE_FAMILY = "1,2";
			};
			name = Release;
		};
/* End XCBuildConfiguration section */

/* Begin XCConfigurationList section */
		1CBA4D35256C4E3A00DCF0FE /* Build configuration list for PBXProject "Happy Wallet" */ = {
			isa = XCConfigurationList;
			buildConfigurations = (
				1CBA4D4C256C4E3F00DCF0FE /* Debug */,
				1CBA4D4D256C4E3F00DCF0FE /* Release */,
			);
			defaultConfigurationIsVisible = 0;
			defaultConfigurationName = Release;
		};
		1CBA4D4E256C4E3F00DCF0FE /* Build configuration list for PBXNativeTarget "Happy Wallet" */ = {
			isa = XCConfigurationList;
			buildConfigurations = (
				1CBA4D4F256C4E3F00DCF0FE /* Debug */,
				1CBA4D50256C4E3F00DCF0FE /* Release */,
			);
			defaultConfigurationIsVisible = 0;
			defaultConfigurationName = Release;
		};
/* End XCConfigurationList section */

/* Begin XCVersionGroup section */
		1CBA4D48256C4E3F00DCF0FE /* Happy_Wallet.xcdatamodeld */ = {
			isa = XCVersionGroup;
			children = (
				1CBA4D49256C4E3F00DCF0FE /* Happy_Wallet.xcdatamodel */,
			);
			currentVersion = 1CBA4D49256C4E3F00DCF0FE /* Happy_Wallet.xcdatamodel */;
			path = Happy_Wallet.xcdatamodeld;
			sourceTree = "<group>";
			versionGroupType = wrapper.xcdatamodel;
		};
/* End XCVersionGroup section */
	};
	rootObject = 1CBA4D32256C4E3A00DCF0FE /* Project object */;
}
